[renv]
Version=0.3.0-40

[R]
Version=3.5.3
Repositories=
	CRAN=https://cran.rstudio.com/

[Python]
Version=2.7.10
Type=virtualenv
Name=test

[R/Package/Matrix]
Package=Matrix
Version=1.2-17
Source=CRAN
Hash=b10030fd8c964dbecd79719236d4a668

[R/Package/Rcpp]
Package=Rcpp
Version=1.0.1
Source=CRAN
Hash=afc83bf2a529ebac3a0ac6434772b1c7

[R/Package/jsonlite]
Package=jsonlite
Version=1.6
Source=CRAN
Hash=9098f8f59907a1180f3a2ff469cd67f2

[R/Package/lattice]
Package=lattice
Version=0.20-38
Source=CRAN
Hash=ab950ea929b83c44eeba6ce00e280f9a

[R/Package/reticulate]
Package=reticulate
Version=1.12
Source=CRAN
Hash=983feba2825123ff9b251beeb9aac92d

